
Microsoft Visual Studio Solution File, Format Version 12.00
# Visual Studio Version 16
VisualStudioVersion = 16.0.28917.181
MinimumVisualStudioVersion = 10.0.40219.1
Project("{FAE04EC0-301F-11D3-BF4B-00C04F79EFBC}") = "vaktija.xamarin.UWP", "vaktija.xamarin.UWP\vaktija.xamarin.UWP.csproj", "{06E2D6D7-F066-4E5C-9D21-49FFE3FE7865}"
EndProject
Project("{FAE04EC0-301F-11D3-BF4B-00C04F79EFBC}") = "vaktija.xamarin.Android", "vaktija.xamarin.Android\vaktija.xamarin.Android.csproj", "{34DCB69C-E3AF-4C65-80E0-E78F3A49DF4E}"
EndProject
Project("{FAE04EC0-301F-11D3-BF4B-00C04F79EFBC}") = "vaktija.xamarin.iOS", "vaktija.xamarin.iOS\vaktija.xamarin.iOS.csproj", "{4FAE18F3-459A-447B-B8A8-E20E12ED40AF}"
EndProject
Project("{FAE04EC0-301F-11D3-BF4B-00C04F79EFBC}") = "vaktija.xamarin.MobileAppService", "vaktija.xamarin.MobileAppService\vaktija.xamarin.MobileAppService.csproj", "{3EF36D4F-39FF-4366-871B-DCA41D580F96}"
EndProject
Project("{FAE04EC0-301F-11D3-BF4B-00C04F79EFBC}") = "vaktija.xamarin", "vaktija.xamarin\vaktija.xamarin.csproj", "{C10617E5-66C5-4BBA-B540-E96148E71A75}"
EndProject
Global
	GlobalSection(SolutionConfigurationPlatforms) = preSolution
		Debug|Any CPU = Debug|Any CPU
		Debug|ARM = Debug|ARM
		Debug|iPhone = Debug|iPhone
		Debug|iPhoneSimulator = Debug|iPhoneSimulator
		Debug|x64 = Debug|x64
		Debug|x86 = Debug|x86
		Release|Any CPU = Release|Any CPU
		Release|ARM = Release|ARM
		Release|iPhone = Release|iPhone
		Release|iPhoneSimulator = Release|iPhoneSimulator
		Release|x64 = Release|x64
		Release|x86 = Release|x86
	EndGlobalSection
	GlobalSection(ProjectConfigurationPlatforms) = postSolution
		{06E2D6D7-F066-4E5C-9D21-49FFE3FE7865}.Debug|Any CPU.ActiveCfg = Debug|x86
		{06E2D6D7-F066-4E5C-9D21-49FFE3FE7865}.Debug|Any CPU.Build.0 = Debug|x86
		{06E2D6D7-F066-4E5C-9D21-49FFE3FE7865}.Debug|Any CPU.Deploy.0 = Debug|x86
		{06E2D6D7-F066-4E5C-9D21-49FFE3FE7865}.Debug|ARM.ActiveCfg = Debug|ARM
		{06E2D6D7-F066-4E5C-9D21-49FFE3FE7865}.Debug|ARM.Build.0 = Debug|ARM
		{06E2D6D7-F066-4E5C-9D21-49FFE3FE7865}.Debug|ARM.Deploy.0 = Debug|ARM
		{06E2D6D7-F066-4E5C-9D21-49FFE3FE7865}.Debug|iPhone.ActiveCfg = Debug|x86
		{06E2D6D7-F066-4E5C-9D21-49FFE3FE7865}.Debug|iPhone.Build.0 = Debug|x86
		{06E2D6D7-F066-4E5C-9D21-49FFE3FE7865}.Debug|iPhone.Deploy.0 = Debug|x86
		{06E2D6D7-F066-4E5C-9D21-49FFE3FE7865}.Debug|iPhoneSimulator.ActiveCfg = Debug|x86
		{06E2D6D7-F066-4E5C-9D21-49FFE3FE7865}.Debug|iPhoneSimulator.Build.0 = Debug|x86
		{06E2D6D7-F066-4E5C-9D21-49FFE3FE7865}.Debug|iPhoneSimulator.Deploy.0 = Debug|x86
		{06E2D6D7-F066-4E5C-9D21-49FFE3FE7865}.Debug|x64.ActiveCfg = Debug|x64
		{06E2D6D7-F066-4E5C-9D21-49FFE3FE7865}.Debug|x64.Build.0 = Debug|x64
		{06E2D6D7-F066-4E5C-9D21-49FFE3FE7865}.Debug|x64.Deploy.0 = Debug|x64
		{06E2D6D7-F066-4E5C-9D21-49FFE3FE7865}.Debug|x86.ActiveCfg = Debug|x86
		{06E2D6D7-F066-4E5C-9D21-49FFE3FE7865}.Debug|x86.Build.0 = Debug|x86
		{06E2D6D7-F066-4E5C-9D21-49FFE3FE7865}.Debug|x86.Deploy.0 = Debug|x86
		{06E2D6D7-F066-4E5C-9D21-49FFE3FE7865}.Release|Any CPU.ActiveCfg = Release|x86
		{06E2D6D7-F066-4E5C-9D21-49FFE3FE7865}.Release|Any CPU.Build.0 = Release|x86
		{06E2D6D7-F066-4E5C-9D21-49FFE3FE7865}.Release|Any CPU.Deploy.0 = Release|x86
		{06E2D6D7-F066-4E5C-9D21-49FFE3FE7865}.Release|ARM.ActiveCfg = Release|ARM
		{06E2D6D7-F066-4E5C-9D21-49FFE3FE7865}.Release|ARM.Build.0 = Release|ARM
		{06E2D6D7-F066-4E5C-9D21-49FFE3FE7865}.Release|ARM.Deploy.0 = Release|ARM
		{06E2D6D7-F066-4E5C-9D21-49FFE3FE7865}.Release|iPhone.ActiveCfg = Release|x86
		{06E2D6D7-F066-4E5C-9D21-49FFE3FE7865}.Release|iPhone.Build.0 = Release|x86
		{06E2D6D7-F066-4E5C-9D21-49FFE3FE7865}.Release|iPhone.Deploy.0 = Release|x86
		{06E2D6D7-F066-4E5C-9D21-49FFE3FE7865}.Release|iPhoneSimulator.ActiveCfg = Release|x86
		{06E2D6D7-F066-4E5C-9D21-49FFE3FE7865}.Release|iPhoneSimulator.Build.0 = Release|x86
		{06E2D6D7-F066-4E5C-9D21-49FFE3FE7865}.Release|iPhoneSimulator.Deploy.0 = Release|x86
		{06E2D6D7-F066-4E5C-9D21-49FFE3FE7865}.Release|x64.ActiveCfg = Release|x64
		{06E2D6D7-F066-4E5C-9D21-49FFE3FE7865}.Release|x64.Build.0 = Release|x64
		{06E2D6D7-F066-4E5C-9D21-49FFE3FE7865}.Release|x64.Deploy.0 = Release|x64
		{06E2D6D7-F066-4E5C-9D21-49FFE3FE7865}.Release|x86.ActiveCfg = Release|x86
		{06E2D6D7-F066-4E5C-9D21-49FFE3FE7865}.Release|x86.Build.0 = Release|x86
		{06E2D6D7-F066-4E5C-9D21-49FFE3FE7865}.Release|x86.Deploy.0 = Release|x86
		{34DCB69C-E3AF-4C65-80E0-E78F3A49DF4E}.Debug|Any CPU.ActiveCfg = Debug|Any CPU
		{34DCB69C-E3AF-4C65-80E0-E78F3A49DF4E}.Debug|Any CPU.Build.0 = Debug|Any CPU
		{34DCB69C-E3AF-4C65-80E0-E78F3A49DF4E}.Debug|Any CPU.Deploy.0 = Debug|Any CPU
		{34DCB69C-E3AF-4C65-80E0-E78F3A49DF4E}.Debug|ARM.ActiveCfg = Debug|Any CPU
		{34DCB69C-E3AF-4C65-80E0-E78F3A49DF4E}.Debug|ARM.Build.0 = Debug|Any CPU
		{34DCB69C-E3AF-4C65-80E0-E78F3A49DF4E}.Debug|ARM.Deploy.0 = Debug|Any CPU
		{34DCB69C-E3AF-4C65-80E0-E78F3A49DF4E}.Debug|iPhone.ActiveCfg = Debug|Any CPU
		{34DCB69C-E3AF-4C65-80E0-E78F3A49DF4E}.Debug|iPhone.Build.0 = Debug|Any CPU
		{34DCB69C-E3AF-4C65-80E0-E78F3A49DF4E}.Debug|iPhone.Deploy.0 = Debug|Any CPU
		{34DCB69C-E3AF-4C65-80E0-E78F3A49DF4E}.Debug|iPhoneSimulator.ActiveCfg = Debug|Any CPU
		{34DCB69C-E3AF-4C65-80E0-E78F3A49DF4E}.Debug|iPhoneSimulator.Build.0 = Debug|Any CPU
		{34DCB69C-E3AF-4C65-80E0-E78F3A49DF4E}.Debug|iPhoneSimulator.Deploy.0 = Debug|Any CPU
		{34DCB69C-E3AF-4C65-80E0-E78F3A49DF4E}.Debug|x64.ActiveCfg = Debug|Any CPU
		{34DCB69C-E3AF-4C65-80E0-E78F3A49DF4E}.Debug|x64.Build.0 = Debug|Any CPU
		{34DCB69C-E3AF-4C65-80E0-E78F3A49DF4E}.Debug|x64.Deploy.0 = Debug|Any CPU
		{34DCB69C-E3AF-4C65-80E0-E78F3A49DF4E}.Debug|x86.ActiveCfg = Debug|Any CPU
		{34DCB69C-E3AF-4C65-80E0-E78F3A49DF4E}.Debug|x86.Build.0 = Debug|Any CPU
		{34DCB69C-E3AF-4C65-80E0-E78F3A49DF4E}.Debug|x86.Deploy.0 = Debug|Any CPU
		{34DCB69C-E3AF-4C65-80E0-E78F3A49DF4E}.Release|Any CPU.ActiveCfg = Release|Any CPU
		{34DCB69C-E3AF-4C65-80E0-E78F3A49DF4E}.Release|Any CPU.Build.0 = Release|Any CPU
		{34DCB69C-E3AF-4C65-80E0-E78F3A49DF4E}.Release|Any CPU.Deploy.0 = Release|Any CPU
		{34DCB69C-E3AF-4C65-80E0-E78F3A49DF4E}.Release|ARM.ActiveCfg = Release|Any CPU
		{34DCB69C-E3AF-4C65-80E0-E78F3A49DF4E}.Release|ARM.Build.0 = Release|Any CPU
		{34DCB69C-E3AF-4C65-80E0-E78F3A49DF4E}.Release|ARM.Deploy.0 = Release|Any CPU
		{34DCB69C-E3AF-4C65-80E0-E78F3A49DF4E}.Release|iPhone.ActiveCfg = Release|Any CPU
		{34DCB69C-E3AF-4C65-80E0-E78F3A49DF4E}.Release|iPhone.Build.0 = Release|Any CPU
		{34DCB69C-E3AF-4C65-80E0-E78F3A49DF4E}.Release|iPhone.Deploy.0 = Release|Any CPU
		{34DCB69C-E3AF-4C65-80E0-E78F3A49DF4E}.Release|iPhoneSimulator.ActiveCfg = Release|Any CPU
		{34DCB69C-E3AF-4C65-80E0-E78F3A49DF4E}.Release|iPhoneSimulator.Build.0 = Release|Any CPU
		{34DCB69C-E3AF-4C65-80E0-E78F3A49DF4E}.Release|iPhoneSimulator.Deploy.0 = Release|Any CPU
		{34DCB69C-E3AF-4C65-80E0-E78F3A49DF4E}.Release|x64.ActiveCfg = Release|Any CPU
		{34DCB69C-E3AF-4C65-80E0-E78F3A49DF4E}.Release|x64.Build.0 = Release|Any CPU
		{34DCB69C-E3AF-4C65-80E0-E78F3A49DF4E}.Release|x64.Deploy.0 = Release|Any CPU
		{34DCB69C-E3AF-4C65-80E0-E78F3A49DF4E}.Release|x86.ActiveCfg = Release|Any CPU
		{34DCB69C-E3AF-4C65-80E0-E78F3A49DF4E}.Release|x86.Build.0 = Release|Any CPU
		{34DCB69C-E3AF-4C65-80E0-E78F3A49DF4E}.Release|x86.Deploy.0 = Release|Any CPU
		{4FAE18F3-459A-447B-B8A8-E20E12ED40AF}.Debug|Any CPU.ActiveCfg = Debug|iPhone
		{4FAE18F3-459A-447B-B8A8-E20E12ED40AF}.Debug|Any CPU.Build.0 = Debug|iPhone
		{4FAE18F3-459A-447B-B8A8-E20E12ED40AF}.Debug|Any CPU.Deploy.0 = Debug|iPhone
		{4FAE18F3-459A-447B-B8A8-E20E12ED40AF}.Debug|ARM.ActiveCfg = Debug|iPhoneSimulator
		{4FAE18F3-459A-447B-B8A8-E20E12ED40AF}.Debug|ARM.Build.0 = Debug|iPhoneSimulator
		{4FAE18F3-459A-447B-B8A8-E20E12ED40AF}.Debug|ARM.Deploy.0 = Debug|iPhoneSimulator
		{4FAE18F3-459A-447B-B8A8-E20E12ED40AF}.Debug|iPhone.ActiveCfg = Debug|iPhone
		{4FAE18F3-459A-447B-B8A8-E20E12ED40AF}.Debug|iPhone.Build.0 = Debug|iPhone
		{4FAE18F3-459A-447B-B8A8-E20E12ED40AF}.Debug|iPhone.Deploy.0 = Debug|iPhone
		{4FAE18F3-459A-447B-B8A8-E20E12ED40AF}.Debug|iPhoneSimulator.ActiveCfg = Debug|iPhoneSimulator
		{4FAE18F3-459A-447B-B8A8-E20E12ED40AF}.Debug|iPhoneSimulator.Build.0 = Debug|iPhoneSimulator
		{4FAE18F3-459A-447B-B8A8-E20E12ED40AF}.Debug|iPhoneSimulator.Deploy.0 = Debug|iPhoneSimulator
		{4FAE18F3-459A-447B-B8A8-E20E12ED40AF}.Debug|x64.ActiveCfg = Debug|iPhone
		{4FAE18F3-459A-447B-B8A8-E20E12ED40AF}.Debug|x64.Build.0 = Debug|iPhone
		{4FAE18F3-459A-447B-B8A8-E20E12ED40AF}.Debug|x64.Deploy.0 = Debug|iPhone
		{4FAE18F3-459A-447B-B8A8-E20E12ED40AF}.Debug|x86.ActiveCfg = Debug|iPhone
		{4FAE18F3-459A-447B-B8A8-E20E12ED40AF}.Debug|x86.Build.0 = Debug|iPhone
		{4FAE18F3-459A-447B-B8A8-E20E12ED40AF}.Debug|x86.Deploy.0 = Debug|iPhone
		{4FAE18F3-459A-447B-B8A8-E20E12ED40AF}.Release|Any CPU.ActiveCfg = Release|iPhone
		{4FAE18F3-459A-447B-B8A8-E20E12ED40AF}.Release|Any CPU.Build.0 = Release|iPhone
		{4FAE18F3-459A-447B-B8A8-E20E12ED40AF}.Release|Any CPU.Deploy.0 = Release|iPhone
		{4FAE18F3-459A-447B-B8A8-E20E12ED40AF}.Release|ARM.ActiveCfg = Release|iPhone
		{4FAE18F3-459A-447B-B8A8-E20E12ED40AF}.Release|ARM.Build.0 = Release|iPhone
		{4FAE18F3-459A-447B-B8A8-E20E12ED40AF}.Release|ARM.Deploy.0 = Release|iPhone
		{4FAE18F3-459A-447B-B8A8-E20E12ED40AF}.Release|iPhone.ActiveCfg = Release|iPhone
		{4FAE18F3-459A-447B-B8A8-E20E12ED40AF}.Release|iPhone.Build.0 = Release|iPhone
		{4FAE18F3-459A-447B-B8A8-E20E12ED40AF}.Release|iPhone.Deploy.0 = Release|iPhone
		{4FAE18F3-459A-447B-B8A8-E20E12ED40AF}.Release|iPhoneSimulator.ActiveCfg = Release|iPhoneSimulator
		{4FAE18F3-459A-447B-B8A8-E20E12ED40AF}.Release|iPhoneSimulator.Build.0 = Release|iPhoneSimulator
		{4FAE18F3-459A-447B-B8A8-E20E12ED40AF}.Release|iPhoneSimulator.Deploy.0 = Release|iPhoneSimulator
		{4FAE18F3-459A-447B-B8A8-E20E12ED40AF}.Release|x64.ActiveCfg = Release|iPhone
		{4FAE18F3-459A-447B-B8A8-E20E12ED40AF}.Release|x64.Build.0 = Release|iPhone
		{4FAE18F3-459A-447B-B8A8-E20E12ED40AF}.Release|x64.Deploy.0 = Release|iPhone
		{4FAE18F3-459A-447B-B8A8-E20E12ED40AF}.Release|x86.ActiveCfg = Release|iPhone
		{4FAE18F3-459A-447B-B8A8-E20E12ED40AF}.Release|x86.Build.0 = Release|iPhone
		{4FAE18F3-459A-447B-B8A8-E20E12ED40AF}.Release|x86.Deploy.0 = Release|iPhone
		{3EF36D4F-39FF-4366-871B-DCA41D580F96}.Debug|Any CPU.ActiveCfg = Debug|Any CPU
		{3EF36D4F-39FF-4366-871B-DCA41D580F96}.Debug|Any CPU.Build.0 = Debug|Any CPU
		{3EF36D4F-39FF-4366-871B-DCA41D580F96}.Debug|Any CPU.Deploy.0 = Debug|Any CPU
		{3EF36D4F-39FF-4366-871B-DCA41D580F96}.Debug|ARM.ActiveCfg = Debug|Any CPU
		{3EF36D4F-39FF-4366-871B-DCA41D580F96}.Debug|ARM.Build.0 = Debug|Any CPU
		{3EF36D4F-39FF-4366-871B-DCA41D580F96}.Debug|ARM.Deploy.0 = Debug|Any CPU
		{3EF36D4F-39FF-4366-871B-DCA41D580F96}.Debug|iPhone.ActiveCfg = Debug|Any CPU
		{3EF36D4F-39FF-4366-871B-DCA41D580F96}.Debug|iPhone.Build.0 = Debug|Any CPU
		{3EF36D4F-39FF-4366-871B-DCA41D580F96}.Debug|iPhone.Deploy.0 = Debug|Any CPU
		{3EF36D4F-39FF-4366-871B-DCA41D580F96}.Debug|iPhoneSimulator.ActiveCfg = Debug|Any CPU
		{3EF36D4F-39FF-4366-871B-DCA41D580F96}.Debug|iPhoneSimulator.Build.0 = Debug|Any CPU
		{3EF36D4F-39FF-4366-871B-DCA41D580F96}.Debug|iPhoneSimulator.Deploy.0 = Debug|Any CPU
		{3EF36D4F-39FF-4366-871B-DCA41D580F96}.Debug|x64.ActiveCfg = Debug|Any CPU
		{3EF36D4F-39FF-4366-871B-DCA41D580F96}.Debug|x64.Build.0 = Debug|Any CPU
		{3EF36D4F-39FF-4366-871B-DCA41D580F96}.Debug|x64.Deploy.0 = Debug|Any CPU
		{3EF36D4F-39FF-4366-871B-DCA41D580F96}.Debug|x86.ActiveCfg = Debug|Any CPU
		{3EF36D4F-39FF-4366-871B-DCA41D580F96}.Debug|x86.Build.0 = Debug|Any CPU
		{3EF36D4F-39FF-4366-871B-DCA41D580F96}.Debug|x86.Deploy.0 = Debug|Any CPU
		{3EF36D4F-39FF-4366-871B-DCA41D580F96}.Release|Any CPU.ActiveCfg = Release|Any CPU
		{3EF36D4F-39FF-4366-871B-DCA41D580F96}.Release|Any CPU.Build.0 = Release|Any CPU
		{3EF36D4F-39FF-4366-871B-DCA41D580F96}.Release|Any CPU.Deploy.0 = Release|Any CPU
		{3EF36D4F-39FF-4366-871B-DCA41D580F96}.Release|ARM.ActiveCfg = Release|Any CPU
		{3EF36D4F-39FF-4366-871B-DCA41D580F96}.Release|ARM.Build.0 = Release|Any CPU
		{3EF36D4F-39FF-4366-871B-DCA41D580F96}.Release|ARM.Deploy.0 = Release|Any CPU
		{3EF36D4F-39FF-4366-871B-DCA41D580F96}.Release|iPhone.ActiveCfg = Release|Any CPU
		{3EF36D4F-39FF-4366-871B-DCA41D580F96}.Release|iPhone.Build.0 = Release|Any CPU
		{3EF36D4F-39FF-4366-871B-DCA41D580F96}.Release|iPhone.Deploy.0 = Release|Any CPU
		{3EF36D4F-39FF-4366-871B-DCA41D580F96}.Release|iPhoneSimulator.ActiveCfg = Release|Any CPU
		{3EF36D4F-39FF-4366-871B-DCA41D580F96}.Release|iPhoneSimulator.Build.0 = Release|Any CPU
		{3EF36D4F-39FF-4366-871B-DCA41D580F96}.Release|iPhoneSimulator.Deploy.0 = Release|Any CPU
		{3EF36D4F-39FF-4366-871B-DCA41D580F96}.Release|x64.ActiveCfg = Release|Any CPU
		{3EF36D4F-39FF-4366-871B-DCA41D580F96}.Release|x64.Build.0 = Release|Any CPU
		{3EF36D4F-39FF-4366-871B-DCA41D580F96}.Release|x64.Deploy.0 = Release|Any CPU
		{3EF36D4F-39FF-4366-871B-DCA41D580F96}.Release|x86.ActiveCfg = Release|Any CPU
		{3EF36D4F-39FF-4366-871B-DCA41D580F96}.Release|x86.Build.0 = Release|Any CPU
		{3EF36D4F-39FF-4366-871B-DCA41D580F96}.Release|x86.Deploy.0 = Release|Any CPU
		{C10617E5-66C5-4BBA-B540-E96148E71A75}.Debug|Any CPU.ActiveCfg = Debug|Any CPU
		{C10617E5-66C5-4BBA-B540-E96148E71A75}.Debug|Any CPU.Build.0 = Debug|Any CPU
		{C10617E5-66C5-4BBA-B540-E96148E71A75}.Debug|Any CPU.Deploy.0 = Debug|Any CPU
		{C10617E5-66C5-4BBA-B540-E96148E71A75}.Debug|ARM.ActiveCfg = Debug|Any CPU
		{C10617E5-66C5-4BBA-B540-E96148E71A75}.Debug|ARM.Build.0 = Debug|Any CPU
		{C10617E5-66C5-4BBA-B540-E96148E71A75}.Debug|ARM.Deploy.0 = Debug|Any CPU
		{C10617E5-66C5-4BBA-B540-E96148E71A75}.Debug|iPhone.ActiveCfg = Debug|Any CPU
		{C10617E5-66C5-4BBA-B540-E96148E71A75}.Debug|iPhone.Build.0 = Debug|Any CPU
		{C10617E5-66C5-4BBA-B540-E96148E71A75}.Debug|iPhone.Deploy.0 = Debug|Any CPU
		{C10617E5-66C5-4BBA-B540-E96148E71A75}.Debug|iPhoneSimulator.ActiveCfg = Debug|Any CPU
		{C10617E5-66C5-4BBA-B540-E96148E71A75}.Debug|iPhoneSimulator.Build.0 = Debug|Any CPU
		{C10617E5-66C5-4BBA-B540-E96148E71A75}.Debug|iPhoneSimulator.Deploy.0 = Debug|Any CPU
		{C10617E5-66C5-4BBA-B540-E96148E71A75}.Debug|x64.ActiveCfg = Debug|Any CPU
		{C10617E5-66C5-4BBA-B540-E96148E71A75}.Debug|x64.Build.0 = Debug|Any CPU
		{C10617E5-66C5-4BBA-B540-E96148E71A75}.Debug|x64.Deploy.0 = Debug|Any CPU
		{C10617E5-66C5-4BBA-B540-E96148E71A75}.Debug|x86.ActiveCfg = Debug|Any CPU
		{C10617E5-66C5-4BBA-B540-E96148E71A75}.Debug|x86.Build.0 = Debug|Any CPU
		{C10617E5-66C5-4BBA-B540-E96148E71A75}.Debug|x86.Deploy.0 = Debug|Any CPU
		{C10617E5-66C5-4BBA-B540-E96148E71A75}.Release|Any CPU.ActiveCfg = Release|Any CPU
		{C10617E5-66C5-4BBA-B540-E96148E71A75}.Release|Any CPU.Build.0 = Release|Any CPU
		{C10617E5-66C5-4BBA-B540-E96148E71A75}.Release|Any CPU.Deploy.0 = Release|Any CPU
		{C10617E5-66C5-4BBA-B540-E96148E71A75}.Release|ARM.ActiveCfg = Release|Any CPU
		{C10617E5-66C5-4BBA-B540-E96148E71A75}.Release|ARM.Build.0 = Release|Any CPU
		{C10617E5-66C5-4BBA-B540-E96148E71A75}.Release|ARM.Deploy.0 = Release|Any CPU
		{C10617E5-66C5-4BBA-B540-E96148E71A75}.Release|iPhone.ActiveCfg = Release|Any CPU
		{C10617E5-66C5-4BBA-B540-E96148E71A75}.Release|iPhone.Build.0 = Release|Any CPU
		{C10617E5-66C5-4BBA-B540-E96148E71A75}.Release|iPhone.Deploy.0 = Release|Any CPU
		{C10617E5-66C5-4BBA-B540-E96148E71A75}.Release|iPhoneSimulator.ActiveCfg = Release|Any CPU
		{C10617E5-66C5-4BBA-B540-E96148E71A75}.Release|iPhoneSimulator.Build.0 = Release|Any CPU
		{C10617E5-66C5-4BBA-B540-E96148E71A75}.Release|iPhoneSimulator.Deploy.0 = Release|Any CPU
		{C10617E5-66C5-4BBA-B540-E96148E71A75}.Release|x64.ActiveCfg = Release|Any CPU
		{C10617E5-66C5-4BBA-B540-E96148E71A75}.Release|x64.Build.0 = Release|Any CPU
		{C10617E5-66C5-4BBA-B540-E96148E71A75}.Release|x64.Deploy.0 = Release|Any CPU
		{C10617E5-66C5-4BBA-B540-E96148E71A75}.Release|x86.ActiveCfg = Release|Any CPU
		{C10617E5-66C5-4BBA-B540-E96148E71A75}.Release|x86.Build.0 = Release|Any CPU
		{C10617E5-66C5-4BBA-B540-E96148E71A75}.Release|x86.Deploy.0 = Release|Any CPU
	EndGlobalSection
	GlobalSection(SolutionProperties) = preSolution
		HideSolutionNode = FALSE
	EndGlobalSection
	GlobalSection(ExtensibilityGlobals) = postSolution
		SolutionGuid = {EFF6367B-516E-411C-B551-400FD8732553}
	EndGlobalSection
EndGlobal
